
Microsoft Visual Studio Solution File, Format Version 12.00
# Visual Studio Version 17
VisualStudioVersion = 17.4.33213.308
MinimumVisualStudioVersion = 10.0.40219.1
Project("{FAE04EC0-301F-11D3-BF4B-00C04F79EFBC}") = "Timesheet_project", "Timesheet_project.csproj", "{0AEF5F1F-0406-4526-A2C4-949383E3FDFE}"
EndProject
Global
	GlobalSection(SolutionConfigurationPlatforms) = preSolution
		Debug|Any CPU = Debug|Any CPU
		Release|Any CPU = Release|Any CPU
	EndGlobalSection
	GlobalSection(ProjectConfigurationPlatforms) = postSolution
		{0AEF5F1F-0406-4526-A2C4-949383E3FDFE}.Debug|Any CPU.ActiveCfg = Debug|Any CPU
		{0AEF5F1F-0406-4526-A2C4-949383E3FDFE}.Debug|Any CPU.Build.0 = Debug|Any CPU
		{0AEF5F1F-0406-4526-A2C4-949383E3FDFE}.Release|Any CPU.ActiveCfg = Release|Any CPU
		{0AEF5F1F-0406-4526-A2C4-949383E3FDFE}.Release|Any CPU.Build.0 = Release|Any CPU
	EndGlobalSection
	GlobalSection(SolutionProperties) = preSolution
		HideSolutionNode = FALSE
	EndGlobalSection
	GlobalSection(ExtensibilityGlobals) = postSolution
		SolutionGuid = {F634AB40-6819-4859-8007-24361F8D17A3}
	EndGlobalSection
EndGlobal
